
Microsoft Visual Studio Solution File, Format Version 12.00
# Visual Studio 15
VisualStudioVersion = 15.0.27428.1
MinimumVisualStudioVersion = 10.0.40219.1
Project("{FAE04EC0-301F-11D3-BF4B-00C04F79EFBC}") = "ArcheAge Commons", "LocalCommons\ArcheAge Commons.csproj", "{83A1159C-4C7D-4356-8715-F9559B8BCD69}"
EndProject
Project("{FAE04EC0-301F-11D3-BF4B-00C04F79EFBC}") = "ArcheAge Launcher", "ArcheAgeLauncher\ArcheAge Launcher.csproj", "{9F9EDD04-2D84-4D64-9478-3E14A26E8775}"
EndProject
Project("{FAE04EC0-301F-11D3-BF4B-00C04F79EFBC}") = "ArcheAge Packet Builder", "ArcheAge Packet Builder\ArcheAge Packet Builder.csproj", "{82CF9B61-E2A4-4D24-B68A-72C3433192D0}"
EndProject
Project("{FAE04EC0-301F-11D3-BF4B-00C04F79EFBC}") = "ArcheAge Game Server", "ArcheAge\ArcheAge Game Server.csproj", "{4F083472-97B6-4514-8CA9-064F080118D8}"
EndProject
Project("{FAE04EC0-301F-11D3-BF4B-00C04F79EFBC}") = "ArcheAge Login Server", "ArcheAgeLogin\ArcheAge Login Server.csproj", "{43BFA00B-EBD7-469F-B732-50FBAF25C6E1}"
EndProject
Project("{FAE04EC0-301F-11D3-BF4B-00C04F79EFBC}") = "ArcheAge Stream Server", "ArcheAgeStream\ArcheAge Stream Server.csproj", "{FEC91545-C2EB-48C5-8EE3-F87E894D21AE}"
EndProject
Global
	GlobalSection(SolutionConfigurationPlatforms) = preSolution
		Debug|Any CPU = Debug|Any CPU
		Debug|x64 = Debug|x64
		Debug|x86 = Debug|x86
		Release|Any CPU = Release|Any CPU
		Release|x64 = Release|x64
		Release|x86 = Release|x86
	EndGlobalSection
	GlobalSection(ProjectConfigurationPlatforms) = postSolution
		{83A1159C-4C7D-4356-8715-F9559B8BCD69}.Debug|Any CPU.ActiveCfg = Debug|Any CPU
		{83A1159C-4C7D-4356-8715-F9559B8BCD69}.Debug|Any CPU.Build.0 = Debug|Any CPU
		{83A1159C-4C7D-4356-8715-F9559B8BCD69}.Debug|x64.ActiveCfg = Debug|Any CPU
		{83A1159C-4C7D-4356-8715-F9559B8BCD69}.Debug|x64.Build.0 = Debug|Any CPU
		{83A1159C-4C7D-4356-8715-F9559B8BCD69}.Debug|x86.ActiveCfg = Debug|Any CPU
		{83A1159C-4C7D-4356-8715-F9559B8BCD69}.Debug|x86.Build.0 = Debug|Any CPU
		{83A1159C-4C7D-4356-8715-F9559B8BCD69}.Release|Any CPU.ActiveCfg = Release|Any CPU
		{83A1159C-4C7D-4356-8715-F9559B8BCD69}.Release|Any CPU.Build.0 = Release|Any CPU
		{83A1159C-4C7D-4356-8715-F9559B8BCD69}.Release|x64.ActiveCfg = Release|Any CPU
		{83A1159C-4C7D-4356-8715-F9559B8BCD69}.Release|x64.Build.0 = Release|Any CPU
		{83A1159C-4C7D-4356-8715-F9559B8BCD69}.Release|x86.ActiveCfg = Release|Any CPU
		{83A1159C-4C7D-4356-8715-F9559B8BCD69}.Release|x86.Build.0 = Release|Any CPU
		{9F9EDD04-2D84-4D64-9478-3E14A26E8775}.Debug|Any CPU.ActiveCfg = Debug|Any CPU
		{9F9EDD04-2D84-4D64-9478-3E14A26E8775}.Debug|Any CPU.Build.0 = Debug|Any CPU
		{9F9EDD04-2D84-4D64-9478-3E14A26E8775}.Debug|x64.ActiveCfg = Debug|Any CPU
		{9F9EDD04-2D84-4D64-9478-3E14A26E8775}.Debug|x64.Build.0 = Debug|Any CPU
		{9F9EDD04-2D84-4D64-9478-3E14A26E8775}.Debug|x86.ActiveCfg = Debug|Any CPU
		{9F9EDD04-2D84-4D64-9478-3E14A26E8775}.Debug|x86.Build.0 = Debug|Any CPU
		{9F9EDD04-2D84-4D64-9478-3E14A26E8775}.Release|Any CPU.ActiveCfg = Release|Any CPU
		{9F9EDD04-2D84-4D64-9478-3E14A26E8775}.Release|Any CPU.Build.0 = Release|Any CPU
		{9F9EDD04-2D84-4D64-9478-3E14A26E8775}.Release|x64.ActiveCfg = Release|Any CPU
		{9F9EDD04-2D84-4D64-9478-3E14A26E8775}.Release|x64.Build.0 = Release|Any CPU
		{9F9EDD04-2D84-4D64-9478-3E14A26E8775}.Release|x86.ActiveCfg = Release|Any CPU
		{9F9EDD04-2D84-4D64-9478-3E14A26E8775}.Release|x86.Build.0 = Release|Any CPU
		{82CF9B61-E2A4-4D24-B68A-72C3433192D0}.Debug|Any CPU.ActiveCfg = Debug|Any CPU
		{82CF9B61-E2A4-4D24-B68A-72C3433192D0}.Debug|Any CPU.Build.0 = Debug|Any CPU
		{82CF9B61-E2A4-4D24-B68A-72C3433192D0}.Debug|x64.ActiveCfg = Debug|Any CPU
		{82CF9B61-E2A4-4D24-B68A-72C3433192D0}.Debug|x64.Build.0 = Debug|Any CPU
		{82CF9B61-E2A4-4D24-B68A-72C3433192D0}.Debug|x86.ActiveCfg = Debug|Any CPU
		{82CF9B61-E2A4-4D24-B68A-72C3433192D0}.Debug|x86.Build.0 = Debug|Any CPU
		{82CF9B61-E2A4-4D24-B68A-72C3433192D0}.Release|Any CPU.ActiveCfg = Release|Any CPU
		{82CF9B61-E2A4-4D24-B68A-72C3433192D0}.Release|Any CPU.Build.0 = Release|Any CPU
		{82CF9B61-E2A4-4D24-B68A-72C3433192D0}.Release|x64.ActiveCfg = Release|Any CPU
		{82CF9B61-E2A4-4D24-B68A-72C3433192D0}.Release|x64.Build.0 = Release|Any CPU
		{82CF9B61-E2A4-4D24-B68A-72C3433192D0}.Release|x86.ActiveCfg = Release|Any CPU
		{82CF9B61-E2A4-4D24-B68A-72C3433192D0}.Release|x86.Build.0 = Release|Any CPU
		{4F083472-97B6-4514-8CA9-064F080118D8}.Debug|Any CPU.ActiveCfg = Debug|Any CPU
		{4F083472-97B6-4514-8CA9-064F080118D8}.Debug|Any CPU.Build.0 = Debug|Any CPU
		{4F083472-97B6-4514-8CA9-064F080118D8}.Debug|x64.ActiveCfg = Debug|Any CPU
		{4F083472-97B6-4514-8CA9-064F080118D8}.Debug|x64.Build.0 = Debug|Any CPU
		{4F083472-97B6-4514-8CA9-064F080118D8}.Debug|x86.ActiveCfg = Debug|Any CPU
		{4F083472-97B6-4514-8CA9-064F080118D8}.Debug|x86.Build.0 = Debug|Any CPU
		{4F083472-97B6-4514-8CA9-064F080118D8}.Release|Any CPU.ActiveCfg = Release|Any CPU
		{4F083472-97B6-4514-8CA9-064F080118D8}.Release|Any CPU.Build.0 = Release|Any CPU
		{4F083472-97B6-4514-8CA9-064F080118D8}.Release|x64.ActiveCfg = Release|Any CPU
		{4F083472-97B6-4514-8CA9-064F080118D8}.Release|x64.Build.0 = Release|Any CPU
		{4F083472-97B6-4514-8CA9-064F080118D8}.Release|x86.ActiveCfg = Release|Any CPU
		{4F083472-97B6-4514-8CA9-064F080118D8}.Release|x86.Build.0 = Release|Any CPU
		{43BFA00B-EBD7-469F-B732-50FBAF25C6E1}.Debug|Any CPU.ActiveCfg = Debug|Any CPU
		{43BFA00B-EBD7-469F-B732-50FBAF25C6E1}.Debug|Any CPU.Build.0 = Debug|Any CPU
		{43BFA00B-EBD7-469F-B732-50FBAF25C6E1}.Debug|x64.ActiveCfg = Debug|Any CPU
		{43BFA00B-EBD7-469F-B732-50FBAF25C6E1}.Debug|x64.Build.0 = Debug|Any CPU
		{43BFA00B-EBD7-469F-B732-50FBAF25C6E1}.Debug|x86.ActiveCfg = Debug|Any CPU
		{43BFA00B-EBD7-469F-B732-50FBAF25C6E1}.Debug|x86.Build.0 = Debug|Any CPU
		{43BFA00B-EBD7-469F-B732-50FBAF25C6E1}.Release|Any CPU.ActiveCfg = Release|Any CPU
		{43BFA00B-EBD7-469F-B732-50FBAF25C6E1}.Release|Any CPU.Build.0 = Release|Any CPU
		{43BFA00B-EBD7-469F-B732-50FBAF25C6E1}.Release|x64.ActiveCfg = Release|Any CPU
		{43BFA00B-EBD7-469F-B732-50FBAF25C6E1}.Release|x64.Build.0 = Release|Any CPU
		{43BFA00B-EBD7-469F-B732-50FBAF25C6E1}.Release|x86.ActiveCfg = Release|Any CPU
		{43BFA00B-EBD7-469F-B732-50FBAF25C6E1}.Release|x86.Build.0 = Release|Any CPU
		{FEC91545-C2EB-48C5-8EE3-F87E894D21AE}.Debug|Any CPU.ActiveCfg = Debug|Any CPU
		{FEC91545-C2EB-48C5-8EE3-F87E894D21AE}.Debug|Any CPU.Build.0 = Debug|Any CPU
		{FEC91545-C2EB-48C5-8EE3-F87E894D21AE}.Debug|x64.ActiveCfg = Debug|Any CPU
		{FEC91545-C2EB-48C5-8EE3-F87E894D21AE}.Debug|x64.Build.0 = Debug|Any CPU
		{FEC91545-C2EB-48C5-8EE3-F87E894D21AE}.Debug|x86.ActiveCfg = Debug|Any CPU
		{FEC91545-C2EB-48C5-8EE3-F87E894D21AE}.Debug|x86.Build.0 = Debug|Any CPU
		{FEC91545-C2EB-48C5-8EE3-F87E894D21AE}.Release|Any CPU.ActiveCfg = Release|Any CPU
		{FEC91545-C2EB-48C5-8EE3-F87E894D21AE}.Release|Any CPU.Build.0 = Release|Any CPU
		{FEC91545-C2EB-48C5-8EE3-F87E894D21AE}.Release|x64.ActiveCfg = Release|Any CPU
		{FEC91545-C2EB-48C5-8EE3-F87E894D21AE}.Release|x64.Build.0 = Release|Any CPU
		{FEC91545-C2EB-48C5-8EE3-F87E894D21AE}.Release|x86.ActiveCfg = Release|Any CPU
		{FEC91545-C2EB-48C5-8EE3-F87E894D21AE}.Release|x86.Build.0 = Release|Any CPU
	EndGlobalSection
	GlobalSection(SolutionProperties) = preSolution
		HideSolutionNode = FALSE
	EndGlobalSection
	GlobalSection(ExtensibilityGlobals) = postSolution
		SolutionGuid = {A3978F45-261B-4FEC-9430-3B28FFC9C4CA}
	EndGlobalSection
EndGlobal
