
Microsoft Visual Studio Solution File, Format Version 12.00
# Visual Studio 15
VisualStudioVersion = 15.0.27004.2006
MinimumVisualStudioVersion = 10.0.40219.1
Project("{FAE04EC0-301F-11D3-BF4B-00C04F79EFBC}") = "ArcheAge", "ArcheAge\ArcheAge.csproj", "{4F083472-97B6-4514-8CA9-064F080118D8}"
EndProject
Project("{FAE04EC0-301F-11D3-BF4B-00C04F79EFBC}") = "ArcheAge Login Server", "ArcheAgeLogin\ArcheAge Login Server.csproj", "{43BFA00B-EBD7-469F-B732-50FBAF25C6E1}"
EndProject
Project("{FAE04EC0-301F-11D3-BF4B-00C04F79EFBC}") = "ArcheAge Commons", "LocalCommons\ArcheAge Commons.csproj", "{83A1159C-4C7D-4356-8715-F9559B8BCD69}"
EndProject
Project("{FAE04EC0-301F-11D3-BF4B-00C04F79EFBC}") = "ArcheAge Launcher", "ArcheAgeLauncher\ArcheAge Launcher.csproj", "{9F9EDD04-2D84-4D64-9478-3E14A26E8775}"
EndProject
Project("{FAE04EC0-301F-11D3-BF4B-00C04F79EFBC}") = "ArcheAge Packet Builder", "ArcheAge Packet Builder\ArcheAge Packet Builder.csproj", "{82CF9B61-E2A4-4D24-B68A-72C3433192D0}"
EndProject
Project("{FAE04EC0-301F-11D3-BF4B-00C04F79EFBC}") = "AALauncher", "AALauncher\AALauncher.csproj", "{57727C9B-4FB1-4DDE-8B3E-40D87ACF97E8}"
EndProject
Global
	GlobalSection(SolutionConfigurationPlatforms) = preSolution
		Debug|Any CPU = Debug|Any CPU
		Release|Any CPU = Release|Any CPU
	EndGlobalSection
	GlobalSection(ProjectConfigurationPlatforms) = postSolution
		{4F083472-97B6-4514-8CA9-064F080118D8}.Debug|Any CPU.ActiveCfg = Debug|Any CPU
		{4F083472-97B6-4514-8CA9-064F080118D8}.Debug|Any CPU.Build.0 = Debug|Any CPU
		{4F083472-97B6-4514-8CA9-064F080118D8}.Release|Any CPU.ActiveCfg = Release|Any CPU
		{4F083472-97B6-4514-8CA9-064F080118D8}.Release|Any CPU.Build.0 = Release|Any CPU
		{43BFA00B-EBD7-469F-B732-50FBAF25C6E1}.Debug|Any CPU.ActiveCfg = Debug|Any CPU
		{43BFA00B-EBD7-469F-B732-50FBAF25C6E1}.Debug|Any CPU.Build.0 = Debug|Any CPU
		{43BFA00B-EBD7-469F-B732-50FBAF25C6E1}.Release|Any CPU.ActiveCfg = Release|Any CPU
		{43BFA00B-EBD7-469F-B732-50FBAF25C6E1}.Release|Any CPU.Build.0 = Release|Any CPU
		{83A1159C-4C7D-4356-8715-F9559B8BCD69}.Debug|Any CPU.ActiveCfg = Debug|Any CPU
		{83A1159C-4C7D-4356-8715-F9559B8BCD69}.Debug|Any CPU.Build.0 = Debug|Any CPU
		{83A1159C-4C7D-4356-8715-F9559B8BCD69}.Release|Any CPU.ActiveCfg = Release|Any CPU
		{83A1159C-4C7D-4356-8715-F9559B8BCD69}.Release|Any CPU.Build.0 = Release|Any CPU
		{9F9EDD04-2D84-4D64-9478-3E14A26E8775}.Debug|Any CPU.ActiveCfg = Debug|Any CPU
		{9F9EDD04-2D84-4D64-9478-3E14A26E8775}.Debug|Any CPU.Build.0 = Debug|Any CPU
		{9F9EDD04-2D84-4D64-9478-3E14A26E8775}.Release|Any CPU.ActiveCfg = Release|Any CPU
		{9F9EDD04-2D84-4D64-9478-3E14A26E8775}.Release|Any CPU.Build.0 = Release|Any CPU
		{82CF9B61-E2A4-4D24-B68A-72C3433192D0}.Debug|Any CPU.ActiveCfg = Debug|Any CPU
		{82CF9B61-E2A4-4D24-B68A-72C3433192D0}.Debug|Any CPU.Build.0 = Debug|Any CPU
		{82CF9B61-E2A4-4D24-B68A-72C3433192D0}.Release|Any CPU.ActiveCfg = Release|Any CPU
		{82CF9B61-E2A4-4D24-B68A-72C3433192D0}.Release|Any CPU.Build.0 = Release|Any CPU
		{57727C9B-4FB1-4DDE-8B3E-40D87ACF97E8}.Debug|Any CPU.ActiveCfg = Debug|Any CPU
		{57727C9B-4FB1-4DDE-8B3E-40D87ACF97E8}.Debug|Any CPU.Build.0 = Debug|Any CPU
		{57727C9B-4FB1-4DDE-8B3E-40D87ACF97E8}.Release|Any CPU.ActiveCfg = Release|Any CPU
		{57727C9B-4FB1-4DDE-8B3E-40D87ACF97E8}.Release|Any CPU.Build.0 = Release|Any CPU
	EndGlobalSection
	GlobalSection(SolutionProperties) = preSolution
		HideSolutionNode = FALSE
	EndGlobalSection
	GlobalSection(ExtensibilityGlobals) = postSolution
		SolutionGuid = {A3978F45-261B-4FEC-9430-3B28FFC9C4CA}
	EndGlobalSection
EndGlobal
